
Microsoft Visual Studio Solution File, Format Version 12.00
# Visual Studio Version 17
VisualStudioVersion = 17.0.31903.59
MinimumVisualStudioVersion = 10.0.40219.1
Project("{2150E333-8FDC-42A3-9474-1A3956D46DE8}") = "src", "src", "{827E0CD3-B72D-47B6-A68D-7590B98EB39B}"
EndProject
Project("{FAE04EC0-301F-11D3-BF4B-00C04F79EFBC}") = "Contract", "src\Contract\Contract.csproj", "{D942D3B0-136A-4DCD-9B98-E056496EFDD3}"
EndProject
Project("{FAE04EC0-301F-11D3-BF4B-00C04F79EFBC}") = "Platform", "src\Platform\Platform.csproj", "{A7FE05F2-0966-4413-A963-1EC78C6ADD0D}"
EndProject
Project("{FAE04EC0-301F-11D3-BF4B-00C04F79EFBC}") = "Inventory.Api", "src\Services\Inventory\Inventory.Api\Inventory.Api.csproj", "{B1C3A878-88C6-4FA1-8C99-594DFF830C36}"
EndProject
Project("{FAE04EC0-301F-11D3-BF4B-00C04F79EFBC}") = "Inventory.Application", "src\Services\Inventory\Inventory.Application\Inventory.Application.csproj", "{F4B1AF58-8D06-4951-A349-F7D2BC15E385}"
EndProject
Project("{FAE04EC0-301F-11D3-BF4B-00C04F79EFBC}") = "Inventory.Domain", "src\Services\Inventory\Inventory.Domain\Inventory.Domain.csproj", "{0A35CF6C-04C3-40AE-B443-AE09C4A46FD6}"
EndProject
Project("{FAE04EC0-301F-11D3-BF4B-00C04F79EFBC}") = "Inventory.Infrastructure", "src\Services\Inventory\Inventory.Infrastructure\Inventory.Infrastructure.csproj", "{1C83100B-700F-4E7B-A55A-DB7F25EA5428}"
EndProject
Project("{FAE04EC0-301F-11D3-BF4B-00C04F79EFBC}") = "Notification.Api", "src\Services\Notification\Notification.Api\Notification.Api.csproj", "{1C89013E-4C41-4156-BB50-0EDD0825AB45}"
EndProject
Project("{FAE04EC0-301F-11D3-BF4B-00C04F79EFBC}") = "Notification.Application", "src\Services\Notification\Notification.Application\Notification.Application.csproj", "{6FC95700-FCE9-424E-962C-9A138890B80C}"
EndProject
Project("{FAE04EC0-301F-11D3-BF4B-00C04F79EFBC}") = "Notification.Domain", "src\Services\Notification\Notification.Domain\Notification.Domain.csproj", "{C156E9D4-17BB-46FC-8D02-CCE0DC65A2C7}"
EndProject
Project("{FAE04EC0-301F-11D3-BF4B-00C04F79EFBC}") = "Notification.Infrastructure", "src\Services\Notification\Notification.Infrastructure\Notification.Infrastructure.csproj", "{3FA08E05-5AFD-4270-962F-D6DC9BB12B5A}"
EndProject
Project("{FAE04EC0-301F-11D3-BF4B-00C04F79EFBC}") = "Order.Api", "src\Services\Order\Order.Api\Order.Api.csproj", "{7DE92C18-B322-424B-A43F-DECB59CE8963}"
EndProject
Project("{FAE04EC0-301F-11D3-BF4B-00C04F79EFBC}") = "Order.Application", "src\Services\Order\Order.Application\Order.Application.csproj", "{71653B39-5740-4897-B286-CD9AE58075AC}"
EndProject
Project("{FAE04EC0-301F-11D3-BF4B-00C04F79EFBC}") = "Order.Domain", "src\Services\Order\Order.Domain\Order.Domain.csproj", "{8DA9E80D-0A92-4B06-AF56-60D14D5EC2CC}"
EndProject
Project("{FAE04EC0-301F-11D3-BF4B-00C04F79EFBC}") = "Order.Infrastructure", "src\Services\Order\Order.Infrastructure\Order.Infrastructure.csproj", "{CCBE0AD9-F904-4E42-A54B-CEE3FF3D26AB}"
EndProject
Project("{FAE04EC0-301F-11D3-BF4B-00C04F79EFBC}") = "SharedKernel", "src\SharedKernel\SharedKernel.csproj", "{B7EFBC05-0B82-4234-836D-5D626EFBDDAA}"
EndProject
Project("{2150E333-8FDC-42A3-9474-1A3956D46DE8}") = "ApiGateway", "ApiGateway", "{FCA01246-F2C6-0AA7-D43F-FD13BE0B9D88}"
EndProject
Project("{FAE04EC0-301F-11D3-BF4B-00C04F79EFBC}") = "Yarp.Api", "src\ApiGateway\Yarp.Api\Yarp.Api.csproj", "{2DB4910F-838F-4933-9159-58F1605F76B3}"
EndProject
Global
	GlobalSection(SolutionConfigurationPlatforms) = preSolution
		Debug|Any CPU = Debug|Any CPU
		Debug|x64 = Debug|x64
		Debug|x86 = Debug|x86
		Release|Any CPU = Release|Any CPU
		Release|x64 = Release|x64
		Release|x86 = Release|x86
	EndGlobalSection
	GlobalSection(ProjectConfigurationPlatforms) = postSolution
		{D942D3B0-136A-4DCD-9B98-E056496EFDD3}.Debug|Any CPU.ActiveCfg = Debug|Any CPU
		{D942D3B0-136A-4DCD-9B98-E056496EFDD3}.Debug|Any CPU.Build.0 = Debug|Any CPU
		{D942D3B0-136A-4DCD-9B98-E056496EFDD3}.Debug|x64.ActiveCfg = Debug|Any CPU
		{D942D3B0-136A-4DCD-9B98-E056496EFDD3}.Debug|x64.Build.0 = Debug|Any CPU
		{D942D3B0-136A-4DCD-9B98-E056496EFDD3}.Debug|x86.ActiveCfg = Debug|Any CPU
		{D942D3B0-136A-4DCD-9B98-E056496EFDD3}.Debug|x86.Build.0 = Debug|Any CPU
		{D942D3B0-136A-4DCD-9B98-E056496EFDD3}.Release|Any CPU.ActiveCfg = Release|Any CPU
		{D942D3B0-136A-4DCD-9B98-E056496EFDD3}.Release|Any CPU.Build.0 = Release|Any CPU
		{D942D3B0-136A-4DCD-9B98-E056496EFDD3}.Release|x64.ActiveCfg = Release|Any CPU
		{D942D3B0-136A-4DCD-9B98-E056496EFDD3}.Release|x64.Build.0 = Release|Any CPU
		{D942D3B0-136A-4DCD-9B98-E056496EFDD3}.Release|x86.ActiveCfg = Release|Any CPU
		{D942D3B0-136A-4DCD-9B98-E056496EFDD3}.Release|x86.Build.0 = Release|Any CPU
		{A7FE05F2-0966-4413-A963-1EC78C6ADD0D}.Debug|Any CPU.ActiveCfg = Debug|Any CPU
		{A7FE05F2-0966-4413-A963-1EC78C6ADD0D}.Debug|Any CPU.Build.0 = Debug|Any CPU
		{A7FE05F2-0966-4413-A963-1EC78C6ADD0D}.Debug|x64.ActiveCfg = Debug|Any CPU
		{A7FE05F2-0966-4413-A963-1EC78C6ADD0D}.Debug|x64.Build.0 = Debug|Any CPU
		{A7FE05F2-0966-4413-A963-1EC78C6ADD0D}.Debug|x86.ActiveCfg = Debug|Any CPU
		{A7FE05F2-0966-4413-A963-1EC78C6ADD0D}.Debug|x86.Build.0 = Debug|Any CPU
		{A7FE05F2-0966-4413-A963-1EC78C6ADD0D}.Release|Any CPU.ActiveCfg = Release|Any CPU
		{A7FE05F2-0966-4413-A963-1EC78C6ADD0D}.Release|Any CPU.Build.0 = Release|Any CPU
		{A7FE05F2-0966-4413-A963-1EC78C6ADD0D}.Release|x64.ActiveCfg = Release|Any CPU
		{A7FE05F2-0966-4413-A963-1EC78C6ADD0D}.Release|x64.Build.0 = Release|Any CPU
		{A7FE05F2-0966-4413-A963-1EC78C6ADD0D}.Release|x86.ActiveCfg = Release|Any CPU
		{A7FE05F2-0966-4413-A963-1EC78C6ADD0D}.Release|x86.Build.0 = Release|Any CPU
		{B1C3A878-88C6-4FA1-8C99-594DFF830C36}.Debug|Any CPU.ActiveCfg = Debug|Any CPU
		{B1C3A878-88C6-4FA1-8C99-594DFF830C36}.Debug|Any CPU.Build.0 = Debug|Any CPU
		{B1C3A878-88C6-4FA1-8C99-594DFF830C36}.Debug|x64.ActiveCfg = Debug|Any CPU
		{B1C3A878-88C6-4FA1-8C99-594DFF830C36}.Debug|x64.Build.0 = Debug|Any CPU
		{B1C3A878-88C6-4FA1-8C99-594DFF830C36}.Debug|x86.ActiveCfg = Debug|Any CPU
		{B1C3A878-88C6-4FA1-8C99-594DFF830C36}.Debug|x86.Build.0 = Debug|Any CPU
		{B1C3A878-88C6-4FA1-8C99-594DFF830C36}.Release|Any CPU.ActiveCfg = Release|Any CPU
		{B1C3A878-88C6-4FA1-8C99-594DFF830C36}.Release|Any CPU.Build.0 = Release|Any CPU
		{B1C3A878-88C6-4FA1-8C99-594DFF830C36}.Release|x64.ActiveCfg = Release|Any CPU
		{B1C3A878-88C6-4FA1-8C99-594DFF830C36}.Release|x64.Build.0 = Release|Any CPU
		{B1C3A878-88C6-4FA1-8C99-594DFF830C36}.Release|x86.ActiveCfg = Release|Any CPU
		{B1C3A878-88C6-4FA1-8C99-594DFF830C36}.Release|x86.Build.0 = Release|Any CPU
		{F4B1AF58-8D06-4951-A349-F7D2BC15E385}.Debug|Any CPU.ActiveCfg = Debug|Any CPU
		{F4B1AF58-8D06-4951-A349-F7D2BC15E385}.Debug|Any CPU.Build.0 = Debug|Any CPU
		{F4B1AF58-8D06-4951-A349-F7D2BC15E385}.Debug|x64.ActiveCfg = Debug|Any CPU
		{F4B1AF58-8D06-4951-A349-F7D2BC15E385}.Debug|x64.Build.0 = Debug|Any CPU
		{F4B1AF58-8D06-4951-A349-F7D2BC15E385}.Debug|x86.ActiveCfg = Debug|Any CPU
		{F4B1AF58-8D06-4951-A349-F7D2BC15E385}.Debug|x86.Build.0 = Debug|Any CPU
		{F4B1AF58-8D06-4951-A349-F7D2BC15E385}.Release|Any CPU.ActiveCfg = Release|Any CPU
		{F4B1AF58-8D06-4951-A349-F7D2BC15E385}.Release|Any CPU.Build.0 = Release|Any CPU
		{F4B1AF58-8D06-4951-A349-F7D2BC15E385}.Release|x64.ActiveCfg = Release|Any CPU
		{F4B1AF58-8D06-4951-A349-F7D2BC15E385}.Release|x64.Build.0 = Release|Any CPU
		{F4B1AF58-8D06-4951-A349-F7D2BC15E385}.Release|x86.ActiveCfg = Release|Any CPU
		{F4B1AF58-8D06-4951-A349-F7D2BC15E385}.Release|x86.Build.0 = Release|Any CPU
		{0A35CF6C-04C3-40AE-B443-AE09C4A46FD6}.Debug|Any CPU.ActiveCfg = Debug|Any CPU
		{0A35CF6C-04C3-40AE-B443-AE09C4A46FD6}.Debug|Any CPU.Build.0 = Debug|Any CPU
		{0A35CF6C-04C3-40AE-B443-AE09C4A46FD6}.Debug|x64.ActiveCfg = Debug|Any CPU
		{0A35CF6C-04C3-40AE-B443-AE09C4A46FD6}.Debug|x64.Build.0 = Debug|Any CPU
		{0A35CF6C-04C3-40AE-B443-AE09C4A46FD6}.Debug|x86.ActiveCfg = Debug|Any CPU
		{0A35CF6C-04C3-40AE-B443-AE09C4A46FD6}.Debug|x86.Build.0 = Debug|Any CPU
		{0A35CF6C-04C3-40AE-B443-AE09C4A46FD6}.Release|Any CPU.ActiveCfg = Release|Any CPU
		{0A35CF6C-04C3-40AE-B443-AE09C4A46FD6}.Release|Any CPU.Build.0 = Release|Any CPU
		{0A35CF6C-04C3-40AE-B443-AE09C4A46FD6}.Release|x64.ActiveCfg = Release|Any CPU
		{0A35CF6C-04C3-40AE-B443-AE09C4A46FD6}.Release|x64.Build.0 = Release|Any CPU
		{0A35CF6C-04C3-40AE-B443-AE09C4A46FD6}.Release|x86.ActiveCfg = Release|Any CPU
		{0A35CF6C-04C3-40AE-B443-AE09C4A46FD6}.Release|x86.Build.0 = Release|Any CPU
		{1C83100B-700F-4E7B-A55A-DB7F25EA5428}.Debug|Any CPU.ActiveCfg = Debug|Any CPU
		{1C83100B-700F-4E7B-A55A-DB7F25EA5428}.Debug|Any CPU.Build.0 = Debug|Any CPU
		{1C83100B-700F-4E7B-A55A-DB7F25EA5428}.Debug|x64.ActiveCfg = Debug|Any CPU
		{1C83100B-700F-4E7B-A55A-DB7F25EA5428}.Debug|x64.Build.0 = Debug|Any CPU
		{1C83100B-700F-4E7B-A55A-DB7F25EA5428}.Debug|x86.ActiveCfg = Debug|Any CPU
		{1C83100B-700F-4E7B-A55A-DB7F25EA5428}.Debug|x86.Build.0 = Debug|Any CPU
		{1C83100B-700F-4E7B-A55A-DB7F25EA5428}.Release|Any CPU.ActiveCfg = Release|Any CPU
		{1C83100B-700F-4E7B-A55A-DB7F25EA5428}.Release|Any CPU.Build.0 = Release|Any CPU
		{1C83100B-700F-4E7B-A55A-DB7F25EA5428}.Release|x64.ActiveCfg = Release|Any CPU
		{1C83100B-700F-4E7B-A55A-DB7F25EA5428}.Release|x64.Build.0 = Release|Any CPU
		{1C83100B-700F-4E7B-A55A-DB7F25EA5428}.Release|x86.ActiveCfg = Release|Any CPU
		{1C83100B-700F-4E7B-A55A-DB7F25EA5428}.Release|x86.Build.0 = Release|Any CPU
		{1C89013E-4C41-4156-BB50-0EDD0825AB45}.Debug|Any CPU.ActiveCfg = Debug|Any CPU
		{1C89013E-4C41-4156-BB50-0EDD0825AB45}.Debug|Any CPU.Build.0 = Debug|Any CPU
		{1C89013E-4C41-4156-BB50-0EDD0825AB45}.Debug|x64.ActiveCfg = Debug|Any CPU
		{1C89013E-4C41-4156-BB50-0EDD0825AB45}.Debug|x64.Build.0 = Debug|Any CPU
		{1C89013E-4C41-4156-BB50-0EDD0825AB45}.Debug|x86.ActiveCfg = Debug|Any CPU
		{1C89013E-4C41-4156-BB50-0EDD0825AB45}.Debug|x86.Build.0 = Debug|Any CPU
		{1C89013E-4C41-4156-BB50-0EDD0825AB45}.Release|Any CPU.ActiveCfg = Release|Any CPU
		{1C89013E-4C41-4156-BB50-0EDD0825AB45}.Release|Any CPU.Build.0 = Release|Any CPU
		{1C89013E-4C41-4156-BB50-0EDD0825AB45}.Release|x64.ActiveCfg = Release|Any CPU
		{1C89013E-4C41-4156-BB50-0EDD0825AB45}.Release|x64.Build.0 = Release|Any CPU
		{1C89013E-4C41-4156-BB50-0EDD0825AB45}.Release|x86.ActiveCfg = Release|Any CPU
		{1C89013E-4C41-4156-BB50-0EDD0825AB45}.Release|x86.Build.0 = Release|Any CPU
		{6FC95700-FCE9-424E-962C-9A138890B80C}.Debug|Any CPU.ActiveCfg = Debug|Any CPU
		{6FC95700-FCE9-424E-962C-9A138890B80C}.Debug|Any CPU.Build.0 = Debug|Any CPU
		{6FC95700-FCE9-424E-962C-9A138890B80C}.Debug|x64.ActiveCfg = Debug|Any CPU
		{6FC95700-FCE9-424E-962C-9A138890B80C}.Debug|x64.Build.0 = Debug|Any CPU
		{6FC95700-FCE9-424E-962C-9A138890B80C}.Debug|x86.ActiveCfg = Debug|Any CPU
		{6FC95700-FCE9-424E-962C-9A138890B80C}.Debug|x86.Build.0 = Debug|Any CPU
		{6FC95700-FCE9-424E-962C-9A138890B80C}.Release|Any CPU.ActiveCfg = Release|Any CPU
		{6FC95700-FCE9-424E-962C-9A138890B80C}.Release|Any CPU.Build.0 = Release|Any CPU
		{6FC95700-FCE9-424E-962C-9A138890B80C}.Release|x64.ActiveCfg = Release|Any CPU
		{6FC95700-FCE9-424E-962C-9A138890B80C}.Release|x64.Build.0 = Release|Any CPU
		{6FC95700-FCE9-424E-962C-9A138890B80C}.Release|x86.ActiveCfg = Release|Any CPU
		{6FC95700-FCE9-424E-962C-9A138890B80C}.Release|x86.Build.0 = Release|Any CPU
		{C156E9D4-17BB-46FC-8D02-CCE0DC65A2C7}.Debug|Any CPU.ActiveCfg = Debug|Any CPU
		{C156E9D4-17BB-46FC-8D02-CCE0DC65A2C7}.Debug|Any CPU.Build.0 = Debug|Any CPU
		{C156E9D4-17BB-46FC-8D02-CCE0DC65A2C7}.Debug|x64.ActiveCfg = Debug|Any CPU
		{C156E9D4-17BB-46FC-8D02-CCE0DC65A2C7}.Debug|x64.Build.0 = Debug|Any CPU
		{C156E9D4-17BB-46FC-8D02-CCE0DC65A2C7}.Debug|x86.ActiveCfg = Debug|Any CPU
		{C156E9D4-17BB-46FC-8D02-CCE0DC65A2C7}.Debug|x86.Build.0 = Debug|Any CPU
		{C156E9D4-17BB-46FC-8D02-CCE0DC65A2C7}.Release|Any CPU.ActiveCfg = Release|Any CPU
		{C156E9D4-17BB-46FC-8D02-CCE0DC65A2C7}.Release|Any CPU.Build.0 = Release|Any CPU
		{C156E9D4-17BB-46FC-8D02-CCE0DC65A2C7}.Release|x64.ActiveCfg = Release|Any CPU
		{C156E9D4-17BB-46FC-8D02-CCE0DC65A2C7}.Release|x64.Build.0 = Release|Any CPU
		{C156E9D4-17BB-46FC-8D02-CCE0DC65A2C7}.Release|x86.ActiveCfg = Release|Any CPU
		{C156E9D4-17BB-46FC-8D02-CCE0DC65A2C7}.Release|x86.Build.0 = Release|Any CPU
		{3FA08E05-5AFD-4270-962F-D6DC9BB12B5A}.Debug|Any CPU.ActiveCfg = Debug|Any CPU
		{3FA08E05-5AFD-4270-962F-D6DC9BB12B5A}.Debug|Any CPU.Build.0 = Debug|Any CPU
		{3FA08E05-5AFD-4270-962F-D6DC9BB12B5A}.Debug|x64.ActiveCfg = Debug|Any CPU
		{3FA08E05-5AFD-4270-962F-D6DC9BB12B5A}.Debug|x64.Build.0 = Debug|Any CPU
		{3FA08E05-5AFD-4270-962F-D6DC9BB12B5A}.Debug|x86.ActiveCfg = Debug|Any CPU
		{3FA08E05-5AFD-4270-962F-D6DC9BB12B5A}.Debug|x86.Build.0 = Debug|Any CPU
		{3FA08E05-5AFD-4270-962F-D6DC9BB12B5A}.Release|Any CPU.ActiveCfg = Release|Any CPU
		{3FA08E05-5AFD-4270-962F-D6DC9BB12B5A}.Release|Any CPU.Build.0 = Release|Any CPU
		{3FA08E05-5AFD-4270-962F-D6DC9BB12B5A}.Release|x64.ActiveCfg = Release|Any CPU
		{3FA08E05-5AFD-4270-962F-D6DC9BB12B5A}.Release|x64.Build.0 = Release|Any CPU
		{3FA08E05-5AFD-4270-962F-D6DC9BB12B5A}.Release|x86.ActiveCfg = Release|Any CPU
		{3FA08E05-5AFD-4270-962F-D6DC9BB12B5A}.Release|x86.Build.0 = Release|Any CPU
		{7DE92C18-B322-424B-A43F-DECB59CE8963}.Debug|Any CPU.ActiveCfg = Debug|Any CPU
		{7DE92C18-B322-424B-A43F-DECB59CE8963}.Debug|Any CPU.Build.0 = Debug|Any CPU
		{7DE92C18-B322-424B-A43F-DECB59CE8963}.Debug|x64.ActiveCfg = Debug|Any CPU
		{7DE92C18-B322-424B-A43F-DECB59CE8963}.Debug|x64.Build.0 = Debug|Any CPU
		{7DE92C18-B322-424B-A43F-DECB59CE8963}.Debug|x86.ActiveCfg = Debug|Any CPU
		{7DE92C18-B322-424B-A43F-DECB59CE8963}.Debug|x86.Build.0 = Debug|Any CPU
		{7DE92C18-B322-424B-A43F-DECB59CE8963}.Release|Any CPU.ActiveCfg = Release|Any CPU
		{7DE92C18-B322-424B-A43F-DECB59CE8963}.Release|Any CPU.Build.0 = Release|Any CPU
		{7DE92C18-B322-424B-A43F-DECB59CE8963}.Release|x64.ActiveCfg = Release|Any CPU
		{7DE92C18-B322-424B-A43F-DECB59CE8963}.Release|x64.Build.0 = Release|Any CPU
		{7DE92C18-B322-424B-A43F-DECB59CE8963}.Release|x86.ActiveCfg = Release|Any CPU
		{7DE92C18-B322-424B-A43F-DECB59CE8963}.Release|x86.Build.0 = Release|Any CPU
		{71653B39-5740-4897-B286-CD9AE58075AC}.Debug|Any CPU.ActiveCfg = Debug|Any CPU
		{71653B39-5740-4897-B286-CD9AE58075AC}.Debug|Any CPU.Build.0 = Debug|Any CPU
		{71653B39-5740-4897-B286-CD9AE58075AC}.Debug|x64.ActiveCfg = Debug|Any CPU
		{71653B39-5740-4897-B286-CD9AE58075AC}.Debug|x64.Build.0 = Debug|Any CPU
		{71653B39-5740-4897-B286-CD9AE58075AC}.Debug|x86.ActiveCfg = Debug|Any CPU
		{71653B39-5740-4897-B286-CD9AE58075AC}.Debug|x86.Build.0 = Debug|Any CPU
		{71653B39-5740-4897-B286-CD9AE58075AC}.Release|Any CPU.ActiveCfg = Release|Any CPU
		{71653B39-5740-4897-B286-CD9AE58075AC}.Release|Any CPU.Build.0 = Release|Any CPU
		{71653B39-5740-4897-B286-CD9AE58075AC}.Release|x64.ActiveCfg = Release|Any CPU
		{71653B39-5740-4897-B286-CD9AE58075AC}.Release|x64.Build.0 = Release|Any CPU
		{71653B39-5740-4897-B286-CD9AE58075AC}.Release|x86.ActiveCfg = Release|Any CPU
		{71653B39-5740-4897-B286-CD9AE58075AC}.Release|x86.Build.0 = Release|Any CPU
		{8DA9E80D-0A92-4B06-AF56-60D14D5EC2CC}.Debug|Any CPU.ActiveCfg = Debug|Any CPU
		{8DA9E80D-0A92-4B06-AF56-60D14D5EC2CC}.Debug|Any CPU.Build.0 = Debug|Any CPU
		{8DA9E80D-0A92-4B06-AF56-60D14D5EC2CC}.Debug|x64.ActiveCfg = Debug|Any CPU
		{8DA9E80D-0A92-4B06-AF56-60D14D5EC2CC}.Debug|x64.Build.0 = Debug|Any CPU
		{8DA9E80D-0A92-4B06-AF56-60D14D5EC2CC}.Debug|x86.ActiveCfg = Debug|Any CPU
		{8DA9E80D-0A92-4B06-AF56-60D14D5EC2CC}.Debug|x86.Build.0 = Debug|Any CPU
		{8DA9E80D-0A92-4B06-AF56-60D14D5EC2CC}.Release|Any CPU.ActiveCfg = Release|Any CPU
		{8DA9E80D-0A92-4B06-AF56-60D14D5EC2CC}.Release|Any CPU.Build.0 = Release|Any CPU
		{8DA9E80D-0A92-4B06-AF56-60D14D5EC2CC}.Release|x64.ActiveCfg = Release|Any CPU
		{8DA9E80D-0A92-4B06-AF56-60D14D5EC2CC}.Release|x64.Build.0 = Release|Any CPU
		{8DA9E80D-0A92-4B06-AF56-60D14D5EC2CC}.Release|x86.ActiveCfg = Release|Any CPU
		{8DA9E80D-0A92-4B06-AF56-60D14D5EC2CC}.Release|x86.Build.0 = Release|Any CPU
		{CCBE0AD9-F904-4E42-A54B-CEE3FF3D26AB}.Debug|Any CPU.ActiveCfg = Debug|Any CPU
		{CCBE0AD9-F904-4E42-A54B-CEE3FF3D26AB}.Debug|Any CPU.Build.0 = Debug|Any CPU
		{CCBE0AD9-F904-4E42-A54B-CEE3FF3D26AB}.Debug|x64.ActiveCfg = Debug|Any CPU
		{CCBE0AD9-F904-4E42-A54B-CEE3FF3D26AB}.Debug|x64.Build.0 = Debug|Any CPU
		{CCBE0AD9-F904-4E42-A54B-CEE3FF3D26AB}.Debug|x86.ActiveCfg = Debug|Any CPU
		{CCBE0AD9-F904-4E42-A54B-CEE3FF3D26AB}.Debug|x86.Build.0 = Debug|Any CPU
		{CCBE0AD9-F904-4E42-A54B-CEE3FF3D26AB}.Release|Any CPU.ActiveCfg = Release|Any CPU
		{CCBE0AD9-F904-4E42-A54B-CEE3FF3D26AB}.Release|Any CPU.Build.0 = Release|Any CPU
		{CCBE0AD9-F904-4E42-A54B-CEE3FF3D26AB}.Release|x64.ActiveCfg = Release|Any CPU
		{CCBE0AD9-F904-4E42-A54B-CEE3FF3D26AB}.Release|x64.Build.0 = Release|Any CPU
		{CCBE0AD9-F904-4E42-A54B-CEE3FF3D26AB}.Release|x86.ActiveCfg = Release|Any CPU
		{CCBE0AD9-F904-4E42-A54B-CEE3FF3D26AB}.Release|x86.Build.0 = Release|Any CPU
		{B7EFBC05-0B82-4234-836D-5D626EFBDDAA}.Debug|Any CPU.ActiveCfg = Debug|Any CPU
		{B7EFBC05-0B82-4234-836D-5D626EFBDDAA}.Debug|Any CPU.Build.0 = Debug|Any CPU
		{B7EFBC05-0B82-4234-836D-5D626EFBDDAA}.Debug|x64.ActiveCfg = Debug|Any CPU
		{B7EFBC05-0B82-4234-836D-5D626EFBDDAA}.Debug|x64.Build.0 = Debug|Any CPU
		{B7EFBC05-0B82-4234-836D-5D626EFBDDAA}.Debug|x86.ActiveCfg = Debug|Any CPU
		{B7EFBC05-0B82-4234-836D-5D626EFBDDAA}.Debug|x86.Build.0 = Debug|Any CPU
		{B7EFBC05-0B82-4234-836D-5D626EFBDDAA}.Release|Any CPU.ActiveCfg = Release|Any CPU
		{B7EFBC05-0B82-4234-836D-5D626EFBDDAA}.Release|Any CPU.Build.0 = Release|Any CPU
		{B7EFBC05-0B82-4234-836D-5D626EFBDDAA}.Release|x64.ActiveCfg = Release|Any CPU
		{B7EFBC05-0B82-4234-836D-5D626EFBDDAA}.Release|x64.Build.0 = Release|Any CPU
		{B7EFBC05-0B82-4234-836D-5D626EFBDDAA}.Release|x86.ActiveCfg = Release|Any CPU
		{B7EFBC05-0B82-4234-836D-5D626EFBDDAA}.Release|x86.Build.0 = Release|Any CPU
		{2DB4910F-838F-4933-9159-58F1605F76B3}.Debug|Any CPU.ActiveCfg = Debug|Any CPU
		{2DB4910F-838F-4933-9159-58F1605F76B3}.Debug|Any CPU.Build.0 = Debug|Any CPU
		{2DB4910F-838F-4933-9159-58F1605F76B3}.Debug|x64.ActiveCfg = Debug|Any CPU
		{2DB4910F-838F-4933-9159-58F1605F76B3}.Debug|x64.Build.0 = Debug|Any CPU
		{2DB4910F-838F-4933-9159-58F1605F76B3}.Debug|x86.ActiveCfg = Debug|Any CPU
		{2DB4910F-838F-4933-9159-58F1605F76B3}.Debug|x86.Build.0 = Debug|Any CPU
		{2DB4910F-838F-4933-9159-58F1605F76B3}.Release|Any CPU.ActiveCfg = Release|Any CPU
		{2DB4910F-838F-4933-9159-58F1605F76B3}.Release|Any CPU.Build.0 = Release|Any CPU
		{2DB4910F-838F-4933-9159-58F1605F76B3}.Release|x64.ActiveCfg = Release|Any CPU
		{2DB4910F-838F-4933-9159-58F1605F76B3}.Release|x64.Build.0 = Release|Any CPU
		{2DB4910F-838F-4933-9159-58F1605F76B3}.Release|x86.ActiveCfg = Release|Any CPU
		{2DB4910F-838F-4933-9159-58F1605F76B3}.Release|x86.Build.0 = Release|Any CPU
	EndGlobalSection
	GlobalSection(SolutionProperties) = preSolution
		HideSolutionNode = FALSE
	EndGlobalSection
	GlobalSection(NestedProjects) = preSolution
		{D942D3B0-136A-4DCD-9B98-E056496EFDD3} = {827E0CD3-B72D-47B6-A68D-7590B98EB39B}
		{A7FE05F2-0966-4413-A963-1EC78C6ADD0D} = {827E0CD3-B72D-47B6-A68D-7590B98EB39B}
		{B1C3A878-88C6-4FA1-8C99-594DFF830C36} = {827E0CD3-B72D-47B6-A68D-7590B98EB39B}
		{F4B1AF58-8D06-4951-A349-F7D2BC15E385} = {827E0CD3-B72D-47B6-A68D-7590B98EB39B}
		{0A35CF6C-04C3-40AE-B443-AE09C4A46FD6} = {827E0CD3-B72D-47B6-A68D-7590B98EB39B}
		{1C83100B-700F-4E7B-A55A-DB7F25EA5428} = {827E0CD3-B72D-47B6-A68D-7590B98EB39B}
		{1C89013E-4C41-4156-BB50-0EDD0825AB45} = {827E0CD3-B72D-47B6-A68D-7590B98EB39B}
		{6FC95700-FCE9-424E-962C-9A138890B80C} = {827E0CD3-B72D-47B6-A68D-7590B98EB39B}
		{C156E9D4-17BB-46FC-8D02-CCE0DC65A2C7} = {827E0CD3-B72D-47B6-A68D-7590B98EB39B}
		{3FA08E05-5AFD-4270-962F-D6DC9BB12B5A} = {827E0CD3-B72D-47B6-A68D-7590B98EB39B}
		{7DE92C18-B322-424B-A43F-DECB59CE8963} = {827E0CD3-B72D-47B6-A68D-7590B98EB39B}
		{71653B39-5740-4897-B286-CD9AE58075AC} = {827E0CD3-B72D-47B6-A68D-7590B98EB39B}
		{8DA9E80D-0A92-4B06-AF56-60D14D5EC2CC} = {827E0CD3-B72D-47B6-A68D-7590B98EB39B}
		{CCBE0AD9-F904-4E42-A54B-CEE3FF3D26AB} = {827E0CD3-B72D-47B6-A68D-7590B98EB39B}
		{B7EFBC05-0B82-4234-836D-5D626EFBDDAA} = {827E0CD3-B72D-47B6-A68D-7590B98EB39B}
		{FCA01246-F2C6-0AA7-D43F-FD13BE0B9D88} = {827E0CD3-B72D-47B6-A68D-7590B98EB39B}
		{2DB4910F-838F-4933-9159-58F1605F76B3} = {FCA01246-F2C6-0AA7-D43F-FD13BE0B9D88}
	EndGlobalSection
EndGlobal
